
Microsoft Visual Studio Solution File, Format Version 12.00
# Visual Studio 14
VisualStudioVersion = 14.0.25420.1
MinimumVisualStudioVersion = 10.0.40219.1
Project("{2150E333-8FDC-42A3-9474-1A3956D46DE8}") = "src", "src", "{4D7C86FB-A06E-4206-962F-33569B0059E1}"
EndProject
Project("{2150E333-8FDC-42A3-9474-1A3956D46DE8}") = "Solution Items", "Solution Items", "{6D9E22A7-8977-4FC4-9D65-16DEF2AD8556}"
	ProjectSection(SolutionItems) = preProject
		global.json = global.json
	EndProjectSection
EndProject
Project("{8BB2217D-0F2D-49D1-97BC-3654ED321F3B}") = "AlbumCoverReplace", "src\AlbumCoverReplace.Console\AlbumCoverReplace.xproj", "{893C67A8-7973-4AFA-A687-6777B575C553}"
EndProject
Global
	GlobalSection(SolutionConfigurationPlatforms) = preSolution
		Debug|Any CPU = Debug|Any CPU
		Release|Any CPU = Release|Any CPU
	EndGlobalSection
	GlobalSection(ProjectConfigurationPlatforms) = postSolution
		{893C67A8-7973-4AFA-A687-6777B575C553}.Debug|Any CPU.ActiveCfg = Debug|Any CPU
		{893C67A8-7973-4AFA-A687-6777B575C553}.Debug|Any CPU.Build.0 = Debug|Any CPU
		{893C67A8-7973-4AFA-A687-6777B575C553}.Release|Any CPU.ActiveCfg = Release|Any CPU
		{893C67A8-7973-4AFA-A687-6777B575C553}.Release|Any CPU.Build.0 = Release|Any CPU
	EndGlobalSection
	GlobalSection(SolutionProperties) = preSolution
		HideSolutionNode = FALSE
	EndGlobalSection
	GlobalSection(NestedProjects) = preSolution
		{893C67A8-7973-4AFA-A687-6777B575C553} = {4D7C86FB-A06E-4206-962F-33569B0059E1}
	EndGlobalSection
EndGlobal
